
Microsoft Visual Studio Solution File, Format Version 12.00
# Visual Studio Version 16
VisualStudioVersion = 16.0.31729.503
MinimumVisualStudioVersion = 10.0.40219.1
Project("{9A19103F-16F7-4668-BE54-9A1E7A4F7556}") = "Phase4Assesment", "Phase4Assesment\Phase4Assesment.csproj", "{394902EA-5163-4E9B-B85E-853E1613D440}"
EndProject
Project("{FAE04EC0-301F-11D3-BF4B-00C04F79EFBC}") = "TestProject", "TestProject\TestProject.csproj", "{911569F0-80D3-40F6-9C07-3F38770AA46C}"
EndProject
Project("{FAE04EC0-301F-11D3-BF4B-00C04F79EFBC}") = "AutomationWithSelenium", "AutomationWithSelenium\AutomationWithSelenium.csproj", "{27D86FED-4061-4F85-B3CA-29FA808E3FD4}"
EndProject
Global
	GlobalSection(SolutionConfigurationPlatforms) = preSolution
		Debug|Any CPU = Debug|Any CPU
		Release|Any CPU = Release|Any CPU
	EndGlobalSection
	GlobalSection(ProjectConfigurationPlatforms) = postSolution
		{394902EA-5163-4E9B-B85E-853E1613D440}.Debug|Any CPU.ActiveCfg = Debug|Any CPU
		{394902EA-5163-4E9B-B85E-853E1613D440}.Debug|Any CPU.Build.0 = Debug|Any CPU
		{394902EA-5163-4E9B-B85E-853E1613D440}.Release|Any CPU.ActiveCfg = Release|Any CPU
		{394902EA-5163-4E9B-B85E-853E1613D440}.Release|Any CPU.Build.0 = Release|Any CPU
		{911569F0-80D3-40F6-9C07-3F38770AA46C}.Debug|Any CPU.ActiveCfg = Debug|Any CPU
		{911569F0-80D3-40F6-9C07-3F38770AA46C}.Debug|Any CPU.Build.0 = Debug|Any CPU
		{911569F0-80D3-40F6-9C07-3F38770AA46C}.Release|Any CPU.ActiveCfg = Release|Any CPU
		{911569F0-80D3-40F6-9C07-3F38770AA46C}.Release|Any CPU.Build.0 = Release|Any CPU
		{27D86FED-4061-4F85-B3CA-29FA808E3FD4}.Debug|Any CPU.ActiveCfg = Debug|Any CPU
		{27D86FED-4061-4F85-B3CA-29FA808E3FD4}.Debug|Any CPU.Build.0 = Debug|Any CPU
		{27D86FED-4061-4F85-B3CA-29FA808E3FD4}.Release|Any CPU.ActiveCfg = Release|Any CPU
		{27D86FED-4061-4F85-B3CA-29FA808E3FD4}.Release|Any CPU.Build.0 = Release|Any CPU
	EndGlobalSection
	GlobalSection(SolutionProperties) = preSolution
		HideSolutionNode = FALSE
	EndGlobalSection
	GlobalSection(ExtensibilityGlobals) = postSolution
		SolutionGuid = {E1E484A1-600E-4E2B-8D6C-ED06953D7495}
	EndGlobalSection
EndGlobal
